{
  "nodes": {
    "ci-agent": {
      "inputs": {
        "flake-compat": [
          "flake-compat"
        ],
        "nix-darwin": [
          "darwin"
        ],
        "nixos-20_09": [
          "nixos"
        ],
        "nixos-unstable": [
          "override"
        ],
        "pre-commit-hooks-nix": "pre-commit-hooks-nix"
      },
      "locked": {
        "lastModified": 1615131736,
        "narHash": "sha256-z4Er9Cj3WpBDO/saLxqb7IypEvVP0/1AnO6rY5NB03Y=",
        "owner": "hercules-ci",
        "repo": "hercules-ci-agent",
        "rev": "a1513a51e8efb96e990a562e6e724e17f2789978",
        "type": "github"
      },
      "original": {
        "owner": "hercules-ci",
        "repo": "hercules-ci-agent",
        "type": "github"
      }
    },
    "darwin": {
      "inputs": {
        "nixpkgs": [
          "override"
        ]
      },
      "locked": {
        "lastModified": 1613595894,
        "narHash": "sha256-MOk/7rCAUB5Lf4GL+HimvyAAZXYEw8gWsq5nW4PPQQA=",
        "owner": "LnL7",
        "repo": "nix-darwin",
        "rev": "5c3146b75d5d478f0693d0ea6c83f1da8382ff56",
        "type": "github"
      },
      "original": {
        "owner": "LnL7",
        "repo": "nix-darwin",
        "type": "github"
      }
    },
    "deploy": {
      "inputs": {
        "flake-compat": [
          "flake-compat"
        ],
        "naersk": [
          "naersk"
        ],
        "nixpkgs": [
          "override"
        ],
        "utils": [
          "utils"
        ]
      },
      "locked": {
        "lastModified": 1614654775,
        "narHash": "sha256-3mLxoxIXSWUuKE8YgIuqM5AZzXFd1aWxkTlplEDeXIA=",
        "owner": "serokell",
        "repo": "deploy-rs",
        "rev": "6278b9bef5ad624676a565980417cbbef42d5227",
        "type": "github"
      },
      "original": {
        "owner": "serokell",
        "repo": "deploy-rs",
        "type": "github"
      }
    },
    "devshell": {
      "locked": {
        "lastModified": 1613641255,
        "narHash": "sha256-iSvjFK4WYAKhuXCCtkY7uy/cFQTzS3D3Ml5WZqjEfL0=",
        "owner": "numtide",
        "repo": "devshell",
        "rev": "ff6cffba08600f5b7b43f398fcb58bef023bc4c4",
        "type": "github"
      },
      "original": {
        "owner": "numtide",
        "repo": "devshell",
        "type": "github"
      }
    },
    "flake-compat": {
      "flake": false,
      "locked": {
        "lastModified": 1611461076,
        "narHash": "sha256-ad++dTtMNeitUIKi1c66aTrVJOSf+mdZTrGrXzjDr6Q=",
        "owner": "BBBSnowball",
        "repo": "flake-compat",
        "rev": "a565cb46bee9fa856a6c15bc9c3bb947fbb784ec",
        "type": "github"
      },
      "original": {
        "owner": "BBBSnowball",
        "ref": "pr-1",
        "repo": "flake-compat",
        "type": "github"
      }
    },
    "home": {
      "inputs": {
        "nixpkgs": [
          "nixos"
        ]
      },
      "locked": {
        "lastModified": 1612902587,
        "narHash": "sha256-VZ7Z1OMFf5ReObu3CCVBsC2DWloTYDjqW1onUKejVrE=",
        "owner": "nix-community",
        "repo": "home-manager",
        "rev": "209566c752c4428c7692c134731971193f06b37c",
        "type": "github"
      },
      "original": {
        "owner": "nix-community",
        "ref": "release-20.09",
        "repo": "home-manager",
        "type": "github"
      }
    },
    "naersk": {
      "inputs": {
        "nixpkgs": [
          "override"
        ]
      },
      "locked": {
        "lastModified": 1614785451,
        "narHash": "sha256-TPw8kQvr2UNCuvndtY+EjyXp6Q5GEW2l9UafXXh1XmI=",
        "owner": "nmattia",
        "repo": "naersk",
        "rev": "e0fe990b478a66178a58c69cf53daec0478ca6f9",
        "type": "github"
      },
      "original": {
        "owner": "nmattia",
        "repo": "naersk",
        "type": "github"
      }
    },
    "nixos": {
      "locked": {
        "lastModified": 1615583000,
        "narHash": "sha256-ysd3ntUs8qeVuYdmp2Y5J992NVdoKji9i92StU3IJ7M=",
        "owner": "NixOS",
        "repo": "nixpkgs",
        "rev": "60b18a066e8ce5dd21ebff5324345d3586a67ad9",
        "type": "github"
      },
      "original": {
        "id": "nixpkgs",
        "ref": "release-20.09",
        "type": "indirect"
      }
    },
    "nixos-hardware": {
      "locked": {
        "lastModified": 1615281383,
        "narHash": "sha256-23XBOcZapDtm7IzYYHub4tNpo4AsSz6qLXsHTCNuDAA=",
        "owner": "nixos",
        "repo": "nixos-hardware",
        "rev": "831de9cac9ff2ea8cf4c3742020ea92e82ac8ac3",
        "type": "github"
      },
      "original": {
        "owner": "nixos",
        "repo": "nixos-hardware",
        "type": "github"
      }
    },
    "nixpkgs": {
      "locked": {
        "lastModified": 1607522989,
        "narHash": "sha256-o/jWhOSAlaK7y2M57OIriRt6whuVVocS/T0mG7fd1TI=",
        "owner": "NixOS",
        "repo": "nixpkgs",
        "rev": "e9158eca70ae59e73fae23be5d13d3fa0cfc78b4",
        "type": "github"
      },
      "original": {
        "id": "nixpkgs",
        "ref": "nixos-unstable",
        "type": "indirect"
      }
    },
    "nur": {
      "locked": {
        "lastModified": 1615578794,
        "narHash": "sha256-t7CP5ksmsfj8UoVt9t7G9CDC+3/Q1v4Fz23l9HfZkeY=",
        "owner": "nix-community",
        "repo": "NUR",
        "rev": "a3e8dbb4d4a1a8b38a352a04c882d5b5f6741303",
        "type": "github"
      },
      "original": {
        "id": "nur",
        "type": "indirect"
      }
    },
    "organizr": {
      "flake": false,
      "locked": {
        "lastModified": 1614368592,
        "narHash": "sha256-C7gz3IU6mqPRnX9ESWxtGvVOqTAC6R4zafQVNLbOEPY=",
        "owner": "causefx",
        "repo": "Organizr",
        "rev": "f00da8a065c3e636511b0c6a3372f013cdacb9b3",
        "type": "github"
      },
      "original": {
        "owner": "causefx",
        "repo": "Organizr",
        "type": "github"
      }
    },
    "override": {
      "locked": {
        "lastModified": 1615581237,
        "narHash": "sha256-OJlSKF6MqTJllxC1Hvw+JyYyhnYv1aYzDYbP1MQUbpo=",
        "owner": "NixOS",
        "repo": "nixpkgs",
        "rev": "e5deabe68b7f85467d2f8519efe1daabbd9a86b5",
        "type": "github"
      },
      "original": {
        "id": "nixpkgs",
        "type": "indirect"
      }
    },
    "pre-commit-hooks-nix": {
      "flake": false,
      "locked": {
        "lastModified": 1603721622,
        "narHash": "sha256-tUgyf5eYK5+0A/dvLzbbm4W7icxbpORuFMXiFe5yz+I=",
        "owner": "cachix",
        "repo": "pre-commit-hooks.nix",
        "rev": "efdbd6d28f7f44db3d9f8cf0e0b4cb9db0d259e1",
        "type": "github"
      },
      "original": {
        "owner": "cachix",
        "repo": "pre-commit-hooks.nix",
        "type": "github"
      }
    },
    "root": {
      "inputs": {
        "ci-agent": "ci-agent",
        "darwin": "darwin",
        "deploy": "deploy",
        "devshell": "devshell",
        "flake-compat": "flake-compat",
        "home": "home",
        "naersk": "naersk",
        "nixos": "nixos",
        "nixos-hardware": "nixos-hardware",
        "nur": "nur",
        "override": "override",
        "srcs": "srcs",
        "utils": "utils_2"
      }
    },
    "rutorrent": {
      "flake": false,
      "locked": {
        "lastModified": 1615576825,
        "narHash": "sha256-tgatI0kxu7CvuUs9vMy6saUJngEnGEDRc5oSDiMAiTk=",
        "owner": "Novik",
        "repo": "rutorrent",
        "rev": "53056a8e73f037cf23c2420a3c7162b7a41f7e82",
        "type": "github"
      },
      "original": {
        "owner": "Novik",
        "repo": "rutorrent",
        "type": "github"
      }
    },
    "simple-nixos-mailserver": {
      "inputs": {
        "nixpkgs": "nixpkgs",
        "utils": "utils"
      },
      "locked": {
        "lastModified": 1615112795,
        "narHash": "sha256-2FE8unWc4pmUeiEKI7NTtmMmGnSlN0ef1uSg3QbnE5c=",
        "owner": "simple-nixos-mailserver",
        "repo": "nixos-mailserver",
        "rev": "7627c29268d2f49ede330a806524447ad9cf9c3f",
        "type": "gitlab"
      },
      "original": {
        "owner": "simple-nixos-mailserver",
        "repo": "nixos-mailserver",
        "type": "gitlab"
      }
    },
    "srcs": {
      "inputs": {
        "organizr": "organizr",
        "rutorrent": "rutorrent",
        "simple-nixos-mailserver": "simple-nixos-mailserver"
      },
      "locked": {
        "narHash": "sha256-lV1pDpBUC4C2AhP0Bogv5gLnaTa3wN+9U1zldPHkbyk=",
        "path": "./pkgs",
        "type": "path"
      },
      "original": {
        "path": "./pkgs",
        "type": "path"
      }
    },
    "utils": {
      "locked": {
        "lastModified": 1605370193,
        "narHash": "sha256-YyMTf3URDL/otKdKgtoMChu4vfVL3vCMkRqpGifhUn0=",
        "owner": "numtide",
        "repo": "flake-utils",
        "rev": "5021eac20303a61fafe17224c087f5519baed54d",
        "type": "github"
      },
      "original": {
        "owner": "numtide",
        "repo": "flake-utils",
        "type": "github"
      }
    },
    "utils_2": {
      "locked": {
        "lastModified": 1608663846,
        "narHash": "sha256-YOAXeoNLW0IubQ6AZLGuSj5kAD5n4DYXLYReLtyds1A=",
        "owner": "numtide",
        "repo": "flake-utils",
        "rev": "a68df93a37cd5137ac22ffeb2d8a03acf253cc24",
        "type": "github"
      },
      "original": {
        "owner": "numtide",
        "ref": "flatten-tree-system",
        "repo": "flake-utils",
        "type": "github"
      }
    }
  },
  "root": "root",
  "version": 7
}
